
Microsoft Visual Studio Solution File, Format Version 12.00
# Visual Studio Version 16
VisualStudioVersion = 16.0.31624.102
MinimumVisualStudioVersion = 10.0.40219.1
Project("{FAE04EC0-301F-11D3-BF4B-00C04F79EFBC}") = "ApplicationExceptionMovieTicket", "ApplicationExceptionMovieTicket\ApplicationExceptionMovieTicket.csproj", "{1CA18AD6-F537-4D5C-8720-F163154BFA81}"
EndProject
Global
	GlobalSection(SolutionConfigurationPlatforms) = preSolution
		Debug|Any CPU = Debug|Any CPU
		Release|Any CPU = Release|Any CPU
	EndGlobalSection
	GlobalSection(ProjectConfigurationPlatforms) = postSolution
		{1CA18AD6-F537-4D5C-8720-F163154BFA81}.Debug|Any CPU.ActiveCfg = Debug|Any CPU
		{1CA18AD6-F537-4D5C-8720-F163154BFA81}.Debug|Any CPU.Build.0 = Debug|Any CPU
		{1CA18AD6-F537-4D5C-8720-F163154BFA81}.Release|Any CPU.ActiveCfg = Release|Any CPU
		{1CA18AD6-F537-4D5C-8720-F163154BFA81}.Release|Any CPU.Build.0 = Release|Any CPU
	EndGlobalSection
	GlobalSection(SolutionProperties) = preSolution
		HideSolutionNode = FALSE
	EndGlobalSection
	GlobalSection(ExtensibilityGlobals) = postSolution
		SolutionGuid = {8F77895F-D545-4A3D-B934-48A3FA6EDA0D}
	EndGlobalSection
EndGlobal
